{
  "version": "4",
  "specifiers": {
    "npm:@sentry/profiling-node@*": "8.34.0"
  },
  "npm": {
    "@opentelemetry/api-logs@0.52.1": {
      "integrity": "sha512-qnSqB2DQ9TPP96dl8cDubDvrUyWc0/sK81xHTK8eSUspzDM3bsewX903qclQFvVhgStjRWdC5bLb3kQqMkfV5A==",
      "dependencies": [
        "@opentelemetry/api"
      ]
    },
    "@opentelemetry/api-logs@0.53.0": {
      "integrity": "sha512-8HArjKx+RaAI8uEIgcORbZIPklyh1YLjPSBus8hjRmvLi6DeFzgOcdZ7KwPabKj8mXF8dX0hyfAyGfycz0DbFw==",
      "dependencies": [
        "@opentelemetry/api"
      ]
    },
    "@opentelemetry/api@1.9.0": {
      "integrity": "sha512-3giAOQvZiH5F9bMlMiv8+GSPMeqg0dbaeo58/0SlA9sxSqZhnUtxzX9/2FzyhS9sWQf5S0GJE0AKBrFqjpeYcg=="
    },
    "@opentelemetry/context-async-hooks@1.26.0_@opentelemetry+api@1.9.0": {
      "integrity": "sha512-HedpXXYzzbaoutw6DFLWLDket2FwLkLpil4hGCZ1xYEIMTcivdfwEOISgdbLEWyG3HW52gTq2V9mOVJrONgiwg==",
      "dependencies": [
        "@opentelemetry/api"
      ]
    },
    "@opentelemetry/core@1.26.0_@opentelemetry+api@1.9.0": {
      "integrity": "sha512-1iKxXXE8415Cdv0yjG3G6hQnB5eVEsJce3QaawX8SjDn0mAS0ZM8fAbZZJD4ajvhC15cePvosSCut404KrIIvQ==",
      "dependencies": [
        "@opentelemetry/api",
        "@opentelemetry/semantic-conventions"
      ]
    },
    "@opentelemetry/instrumentation-amqplib@0.42.0_@opentelemetry+api@1.9.0": {
      "integrity": "sha512-fiuU6OKsqHJiydHWgTRQ7MnIrJ2lEqsdgFtNIH4LbAUJl/5XmrIeoDzDnox+hfkgWK65jsleFuQDtYb5hW1koQ==",
      "dependencies": [
        "@opentelemetry/api",
        "@opentelemetry/core",
        "@opentelemetry/instrumentation@0.53.0_@opentelemetry+api@1.9.0",
        "@opentelemetry/semantic-conventions"
      ]
    },
    "@opentelemetry/instrumentation-connect@0.39.0_@opentelemetry+api@1.9.0": {
      "integrity": "sha512-pGBiKevLq7NNglMgqzmeKczF4XQMTOUOTkK8afRHMZMnrK3fcETyTH7lVaSozwiOM3Ws+SuEmXZT7DYrrhxGlg==",
      "dependencies": [
        "@opentelemetry/api",
        "@opentelemetry/core",
        "@opentelemetry/instrumentation@0.53.0_@opentelemetry+api@1.9.0",
        "@opentelemetry/semantic-conventions",
        "@types/connect"
      ]
    },
    "@opentelemetry/instrumentation-dataloader@0.12.0_@opentelemetry+api@1.9.0": {
      "integrity": "sha512-pnPxatoFE0OXIZDQhL2okF//dmbiWFzcSc8pUg9TqofCLYZySSxDCgQc69CJBo5JnI3Gz1KP+mOjS4WAeRIH4g==",
      "dependencies": [
        "@opentelemetry/api",
        "@opentelemetry/instrumentation@0.53.0_@opentelemetry+api@1.9.0"
      ]
    },
    "@opentelemetry/instrumentation-express@0.42.0_@opentelemetry+api@1.9.0": {
      "integrity": "sha512-YNcy7ZfGnLsVEqGXQPT+S0G1AE46N21ORY7i7yUQyfhGAL4RBjnZUqefMI0NwqIl6nGbr1IpF0rZGoN8Q7x12Q==",
      "dependencies": [
        "@opentelemetry/api",
        "@opentelemetry/core",
        "@opentelemetry/instrumentation@0.53.0_@opentelemetry+api@1.9.0",
        "@opentelemetry/semantic-conventions"
      ]
    },
    "@opentelemetry/instrumentation-fastify@0.39.0_@opentelemetry+api@1.9.0": {
      "integrity": "sha512-SS9uSlKcsWZabhBp2szErkeuuBDgxOUlllwkS92dVaWRnMmwysPhcEgHKB8rUe3BHg/GnZC1eo1hbTZv4YhfoA==",
      "dependencies": [
        "@opentelemetry/api",
        "@opentelemetry/core",
        "@opentelemetry/instrumentation@0.53.0_@opentelemetry+api@1.9.0",
        "@opentelemetry/semantic-conventions"
      ]
    },
    "@opentelemetry/instrumentation-fs@0.15.0_@opentelemetry+api@1.9.0": {
      "integrity": "sha512-JWVKdNLpu1skqZQA//jKOcKdJC66TWKqa2FUFq70rKohvaSq47pmXlnabNO+B/BvLfmidfiaN35XakT5RyMl2Q==",
      "dependencies": [
        "@opentelemetry/api",
        "@opentelemetry/core",
        "@opentelemetry/instrumentation@0.53.0_@opentelemetry+api@1.9.0"
      ]
    },
    "@opentelemetry/instrumentation-generic-pool@0.39.0_@opentelemetry+api@1.9.0": {
      "integrity": "sha512-y4v8Y+tSfRB3NNBvHjbjrn7rX/7sdARG7FuK6zR8PGb28CTa0kHpEGCJqvL9L8xkTNvTXo+lM36ajFGUaK1aNw==",
      "dependencies": [
        "@opentelemetry/api",
        "@opentelemetry/instrumentation@0.53.0_@opentelemetry+api@1.9.0"
      ]
    },
    "@opentelemetry/instrumentation-graphql@0.43.0_@opentelemetry+api@1.9.0": {
      "integrity": "sha512-aI3YMmC2McGd8KW5du1a2gBA0iOMOGLqg4s9YjzwbjFwjlmMNFSK1P3AIg374GWg823RPUGfVTIgZ/juk9CVOA==",
      "dependencies": [
        "@opentelemetry/api",
        "@opentelemetry/instrumentation@0.53.0_@opentelemetry+api@1.9.0"
      ]
    },
    "@opentelemetry/instrumentation-hapi@0.41.0_@opentelemetry+api@1.9.0": {
      "integrity": "sha512-jKDrxPNXDByPlYcMdZjNPYCvw0SQJjN+B1A+QH+sx+sAHsKSAf9hwFiJSrI6C4XdOls43V/f/fkp9ITkHhKFbQ==",
      "dependencies": [
        "@opentelemetry/api",
        "@opentelemetry/core",
        "@opentelemetry/instrumentation@0.53.0_@opentelemetry+api@1.9.0",
        "@opentelemetry/semantic-conventions"
      ]
    },
    "@opentelemetry/instrumentation-http@0.53.0_@opentelemetry+api@1.9.0": {
      "integrity": "sha512-H74ErMeDuZfj7KgYCTOFGWF5W9AfaPnqLQQxeFq85+D29wwV2yqHbz2IKLYpkOh7EI6QwDEl7rZCIxjJLyc/CQ==",
      "dependencies": [
        "@opentelemetry/api",
        "@opentelemetry/core",
        "@opentelemetry/instrumentation@0.53.0_@opentelemetry+api@1.9.0",
        "@opentelemetry/semantic-conventions",
        "semver"
      ]
    },
    "@opentelemetry/instrumentation-ioredis@0.43.0_@opentelemetry+api@1.9.0": {
      "integrity": "sha512-i3Dke/LdhZbiUAEImmRG3i7Dimm/BD7t8pDDzwepSvIQ6s2X6FPia7561gw+64w+nx0+G9X14D7rEfaMEmmjig==",
      "dependencies": [
        "@opentelemetry/api",
        "@opentelemetry/instrumentation@0.53.0_@opentelemetry+api@1.9.0",
        "@opentelemetry/redis-common",
        "@opentelemetry/semantic-conventions"
      ]
    },
    "@opentelemetry/instrumentation-kafkajs@0.3.0_@opentelemetry+api@1.9.0": {
      "integrity": "sha512-UnkZueYK1ise8FXQeKlpBd7YYUtC7mM8J0wzUSccEfc/G8UqHQqAzIyYCUOUPUKp8GsjLnWOOK/3hJc4owb7Jg==",
      "dependencies": [
        "@opentelemetry/api",
        "@opentelemetry/instrumentation@0.53.0_@opentelemetry+api@1.9.0",
        "@opentelemetry/semantic-conventions"
      ]
    },
    "@opentelemetry/instrumentation-koa@0.43.0_@opentelemetry+api@1.9.0": {
      "integrity": "sha512-lDAhSnmoTIN6ELKmLJBplXzT/Jqs5jGZehuG22EdSMaTwgjMpxMDI1YtlKEhiWPWkrz5LUsd0aOO0ZRc9vn3AQ==",
      "dependencies": [
        "@opentelemetry/api",
        "@opentelemetry/core",
        "@opentelemetry/instrumentation@0.53.0_@opentelemetry+api@1.9.0",
        "@opentelemetry/semantic-conventions"
      ]
    },
    "@opentelemetry/instrumentation-lru-memoizer@0.40.0_@opentelemetry+api@1.9.0": {
      "integrity": "sha512-21xRwZsEdMPnROu/QsaOIODmzw59IYpGFmuC4aFWvMj6stA8+Ei1tX67nkarJttlNjoM94um0N4X26AD7ff54A==",
      "dependencies": [
        "@opentelemetry/api",
        "@opentelemetry/instrumentation@0.53.0_@opentelemetry+api@1.9.0"
      ]
    },
    "@opentelemetry/instrumentation-mongodb@0.47.0_@opentelemetry+api@1.9.0": {
      "integrity": "sha512-yqyXRx2SulEURjgOQyJzhCECSh5i1uM49NUaq9TqLd6fA7g26OahyJfsr9NE38HFqGRHpi4loyrnfYGdrsoVjQ==",
      "dependencies": [
        "@opentelemetry/api",
        "@opentelemetry/instrumentation@0.53.0_@opentelemetry+api@1.9.0",
        "@opentelemetry/sdk-metrics",
        "@opentelemetry/semantic-conventions"
      ]
    },
    "@opentelemetry/instrumentation-mongoose@0.42.0_@opentelemetry+api@1.9.0": {
      "integrity": "sha512-AnWv+RaR86uG3qNEMwt3plKX1ueRM7AspfszJYVkvkehiicC3bHQA6vWdb6Zvy5HAE14RyFbu9+2hUUjR2NSyg==",
      "dependencies": [
        "@opentelemetry/api",
        "@opentelemetry/core",
        "@opentelemetry/instrumentation@0.53.0_@opentelemetry+api@1.9.0",
        "@opentelemetry/semantic-conventions"
      ]
    },
    "@opentelemetry/instrumentation-mysql2@0.41.0_@opentelemetry+api@1.9.0": {
      "integrity": "sha512-REQB0x+IzVTpoNgVmy5b+UnH1/mDByrneimP6sbDHkp1j8QOl1HyWOrBH/6YWR0nrbU3l825Em5PlybjT3232g==",
      "dependencies": [
        "@opentelemetry/api",
        "@opentelemetry/instrumentation@0.53.0_@opentelemetry+api@1.9.0",
        "@opentelemetry/semantic-conventions",
        "@opentelemetry/sql-common"
      ]
    },
    "@opentelemetry/instrumentation-mysql@0.41.0_@opentelemetry+api@1.9.0": {
      "integrity": "sha512-jnvrV6BsQWyHS2qb2fkfbfSb1R/lmYwqEZITwufuRl37apTopswu9izc0b1CYRp/34tUG/4k/V39PND6eyiNvw==",
      "dependencies": [
        "@opentelemetry/api",
        "@opentelemetry/instrumentation@0.53.0_@opentelemetry+api@1.9.0",
        "@opentelemetry/semantic-conventions",
        "@types/mysql"
      ]
    },
    "@opentelemetry/instrumentation-nestjs-core@0.40.0_@opentelemetry+api@1.9.0": {
      "integrity": "sha512-WF1hCUed07vKmf5BzEkL0wSPinqJgH7kGzOjjMAiTGacofNXjb/y4KQ8loj2sNsh5C/NN7s1zxQuCgbWbVTGKg==",
      "dependencies": [
        "@opentelemetry/api",
        "@opentelemetry/instrumentation@0.53.0_@opentelemetry+api@1.9.0",
        "@opentelemetry/semantic-conventions"
      ]
    },
    "@opentelemetry/instrumentation-pg@0.44.0_@opentelemetry+api@1.9.0": {
      "integrity": "sha512-oTWVyzKqXud1BYEGX1loo2o4k4vaU1elr3vPO8NZolrBtFvQ34nx4HgUaexUDuEog00qQt+MLR5gws/p+JXMLQ==",
      "dependencies": [
        "@opentelemetry/api",
        "@opentelemetry/instrumentation@0.53.0_@opentelemetry+api@1.9.0",
        "@opentelemetry/semantic-conventions",
        "@opentelemetry/sql-common",
        "@types/pg",
        "@types/pg-pool"
      ]
    },
    "@opentelemetry/instrumentation-redis-4@0.42.0_@opentelemetry+api@1.9.0": {
      "integrity": "sha512-NaD+t2JNcOzX/Qa7kMy68JbmoVIV37fT/fJYzLKu2Wwd+0NCxt+K2OOsOakA8GVg8lSpFdbx4V/suzZZ2Pvdjg==",
      "dependencies": [
        "@opentelemetry/api",
        "@opentelemetry/instrumentation@0.53.0_@opentelemetry+api@1.9.0",
        "@opentelemetry/redis-common",
        "@opentelemetry/semantic-conventions"
      ]
    },
    "@opentelemetry/instrumentation-undici@0.6.0_@opentelemetry+api@1.9.0": {
      "integrity": "sha512-ABJBhm5OdhGmbh0S/fOTE4N69IZ00CsHC5ijMYfzbw3E5NwLgpQk5xsljaECrJ8wz1SfXbO03FiSuu5AyRAkvQ==",
      "dependencies": [
        "@opentelemetry/api",
        "@opentelemetry/core",
        "@opentelemetry/instrumentation@0.53.0_@opentelemetry+api@1.9.0"
      ]
    },
    "@opentelemetry/instrumentation@0.52.1_@opentelemetry+api@1.9.0": {
      "integrity": "sha512-uXJbYU/5/MBHjMp1FqrILLRuiJCs3Ofk0MeRDk8g1S1gD47U8X3JnSwcMO1rtRo1x1a7zKaQHaoYu49p/4eSKw==",
      "dependencies": [
        "@opentelemetry/api",
        "@opentelemetry/api-logs@0.52.1",
        "@types/shimmer",
        "import-in-the-middle",
        "require-in-the-middle",
        "semver",
        "shimmer"
      ]
    },
    "@opentelemetry/instrumentation@0.53.0_@opentelemetry+api@1.9.0": {
      "integrity": "sha512-DMwg0hy4wzf7K73JJtl95m/e0boSoWhH07rfvHvYzQtBD3Bmv0Wc1x733vyZBqmFm8OjJD0/pfiUg1W3JjFX0A==",
      "dependencies": [
        "@opentelemetry/api",
        "@opentelemetry/api-logs@0.53.0",
        "@types/shimmer",
        "import-in-the-middle",
        "require-in-the-middle",
        "semver",
        "shimmer"
      ]
    },
    "@opentelemetry/redis-common@0.36.2": {
      "integrity": "sha512-faYX1N0gpLhej/6nyp6bgRjzAKXn5GOEMYY7YhciSfCoITAktLUtQ36d24QEWNA1/WA1y6qQunCe0OhHRkVl9g=="
    },
    "@opentelemetry/resources@1.26.0_@opentelemetry+api@1.9.0": {
      "integrity": "sha512-CPNYchBE7MBecCSVy0HKpUISEeJOniWqcHaAHpmasZ3j9o6V3AyBzhRc90jdmemq0HOxDr6ylhUbDhBqqPpeNw==",
      "dependencies": [
        "@opentelemetry/api",
        "@opentelemetry/core",
        "@opentelemetry/semantic-conventions"
      ]
    },
    "@opentelemetry/sdk-metrics@1.26.0_@opentelemetry+api@1.9.0": {
      "integrity": "sha512-0SvDXmou/JjzSDOjUmetAAvcKQW6ZrvosU0rkbDGpXvvZN+pQF6JbK/Kd4hNdK4q/22yeruqvukXEJyySTzyTQ==",
      "dependencies": [
        "@opentelemetry/api",
        "@opentelemetry/core",
        "@opentelemetry/resources"
      ]
    },
    "@opentelemetry/sdk-trace-base@1.26.0_@opentelemetry+api@1.9.0": {
      "integrity": "sha512-olWQldtvbK4v22ymrKLbIcBi9L2SpMO84sCPY54IVsJhP9fRsxJT194C/AVaAuJzLE30EdhhM1VmvVYR7az+cw==",
      "dependencies": [
        "@opentelemetry/api",
        "@opentelemetry/core",
        "@opentelemetry/resources",
        "@opentelemetry/semantic-conventions"
      ]
    },
    "@opentelemetry/semantic-conventions@1.27.0": {
      "integrity": "sha512-sAay1RrB+ONOem0OZanAR1ZI/k7yDpnOQSQmTMuGImUQb2y8EbSaCJ94FQluM74xoU03vlb2d2U90hZluL6nQg=="
    },
    "@opentelemetry/sql-common@0.40.1_@opentelemetry+api@1.9.0": {
      "integrity": "sha512-nSDlnHSqzC3pXn/wZEZVLuAuJ1MYMXPBwtv2qAbCa3847SaHItdE7SzUq/Jtb0KZmh1zfAbNi3AAMjztTT4Ugg==",
      "dependencies": [
        "@opentelemetry/api",
        "@opentelemetry/core"
      ]
    },
    "@prisma/instrumentation@5.19.1_@opentelemetry+api@1.9.0": {
      "integrity": "sha512-VLnzMQq7CWroL5AeaW0Py2huiNKeoMfCH3SUxstdzPrlWQi6UQ9UrfcbUkNHlVFqOMacqy8X/8YtE0kuKDpD9w==",
      "dependencies": [
        "@opentelemetry/api",
        "@opentelemetry/instrumentation@0.52.1_@opentelemetry+api@1.9.0",
        "@opentelemetry/sdk-trace-base"
      ]
    },
    "@sentry/core@8.34.0": {
      "integrity": "sha512-adrXCTK/zsg5pJ67lgtZqdqHvyx6etMjQW3P82NgWdj83c8fb+zH+K79Z47pD4zQjX0ou2Ws5nwwi4wJbz4bfA==",
      "dependencies": [
        "@sentry/types",
        "@sentry/utils"
      ]
    },
    "@sentry/node@8.34.0_@opentelemetry+api@1.9.0_@opentelemetry+core@1.26.0__@opentelemetry+api@1.9.0_@opentelemetry+instrumentation@0.53.0__@opentelemetry+api@1.9.0_@opentelemetry+sdk-trace-base@1.26.0__@opentelemetry+api@1.9.0_@opentelemetry+semantic-conventions@1.27.0": {
      "integrity": "sha512-Q7BPp7Y8yCcwD620xoziWSOuPi/PCIdttkczvB0BGzBRYh2s702h+qNusRijRpVNZmzmYOo9m1x7Y1O/b8/v2A==",
      "dependencies": [
        "@opentelemetry/api",
        "@opentelemetry/context-async-hooks",
        "@opentelemetry/core",
        "@opentelemetry/instrumentation@0.53.0_@opentelemetry+api@1.9.0",
        "@opentelemetry/instrumentation-amqplib",
        "@opentelemetry/instrumentation-connect",
        "@opentelemetry/instrumentation-dataloader",
        "@opentelemetry/instrumentation-express",
        "@opentelemetry/instrumentation-fastify",
        "@opentelemetry/instrumentation-fs",
        "@opentelemetry/instrumentation-generic-pool",
        "@opentelemetry/instrumentation-graphql",
        "@opentelemetry/instrumentation-hapi",
        "@opentelemetry/instrumentation-http",
        "@opentelemetry/instrumentation-ioredis",
        "@opentelemetry/instrumentation-kafkajs",
        "@opentelemetry/instrumentation-koa",
        "@opentelemetry/instrumentation-lru-memoizer",
        "@opentelemetry/instrumentation-mongodb",
        "@opentelemetry/instrumentation-mongoose",
        "@opentelemetry/instrumentation-mysql",
        "@opentelemetry/instrumentation-mysql2",
        "@opentelemetry/instrumentation-nestjs-core",
        "@opentelemetry/instrumentation-pg",
        "@opentelemetry/instrumentation-redis-4",
        "@opentelemetry/instrumentation-undici",
        "@opentelemetry/resources",
        "@opentelemetry/sdk-trace-base",
        "@opentelemetry/semantic-conventions",
        "@prisma/instrumentation",
        "@sentry/core",
        "@sentry/opentelemetry",
        "@sentry/types",
        "@sentry/utils",
        "import-in-the-middle"
      ]
    },
    "@sentry/opentelemetry@8.34.0_@opentelemetry+api@1.9.0_@opentelemetry+core@1.26.0__@opentelemetry+api@1.9.0_@opentelemetry+instrumentation@0.53.0__@opentelemetry+api@1.9.0_@opentelemetry+sdk-trace-base@1.26.0__@opentelemetry+api@1.9.0_@opentelemetry+semantic-conventions@1.27.0": {
      "integrity": "sha512-WS91L+HVKGVIzOgt0szGp+24iKOs86BZsAHGt0HWnMR4kqWP6Ak+TLvqWDCxnuzniZMxdewDGA8p5hrBAPsmsA==",
      "dependencies": [
        "@opentelemetry/api",
        "@opentelemetry/core",
        "@opentelemetry/instrumentation@0.53.0_@opentelemetry+api@1.9.0",
        "@opentelemetry/sdk-trace-base",
        "@opentelemetry/semantic-conventions",
        "@sentry/core",
        "@sentry/types",
        "@sentry/utils"
      ]
    },
    "@sentry/profiling-node@8.34.0": {
      "integrity": "sha512-Ta8GWhmKBIo43WeKVwE1YVMBhNb7e7py5pZXlsfEmZ4wL+UZw4Ed0Yf5FEr3LfwiyLkHzpFiq8clxEK1O6DcSg==",
      "dependencies": [
        "@sentry/core",
        "@sentry/node",
        "@sentry/types",
        "@sentry/utils",
        "detect-libc",
        "node-abi"
      ]
    },
    "@sentry/types@8.34.0": {
      "integrity": "sha512-zLRc60CzohGCo6zNsNeQ9JF3SiEeRE4aDCP9fDDdIVCOKovS+mn1rtSip0qd0Vp2fidOu0+2yY0ALCz1A3PJSQ=="
    },
    "@sentry/utils@8.34.0": {
      "integrity": "sha512-W1KoRlFUjprlh3t86DZPFxLfM6mzjRzshVfMY7vRlJFymBelJsnJ3A1lPeBZM9nCraOSiw6GtOWu6k5BAkiGIg==",
      "dependencies": [
        "@sentry/types"
      ]
    },
    "@types/connect@3.4.36": {
      "integrity": "sha512-P63Zd/JUGq+PdrM1lv0Wv5SBYeA2+CORvbrXbngriYY0jzLUWfQMQQxOhjONEz/wlHOAxOdY7CY65rgQdTjq2w==",
      "dependencies": [
        "@types/node"
      ]
    },
    "@types/mysql@2.15.26": {
      "integrity": "sha512-DSLCOXhkvfS5WNNPbfn2KdICAmk8lLc+/PNvnPnF7gOdMZCxopXduqv0OQ13y/yA/zXTSikZZqVgybUxOEg6YQ==",
      "dependencies": [
        "@types/node"
      ]
    },
    "@types/node@22.5.4": {
      "integrity": "sha512-FDuKUJQm/ju9fT/SeX/6+gBzoPzlVCzfzmGkwKvRHQVxi4BntVbyIwf6a4Xn62mrvndLiml6z/UBXIdEVjQLXg==",
      "dependencies": [
        "undici-types"
      ]
    },
    "@types/pg-pool@2.0.6": {
      "integrity": "sha512-TaAUE5rq2VQYxab5Ts7WZhKNmuN78Q6PiFonTDdpbx8a1H0M1vhy3rhiMjl+e2iHmogyMw7jZF4FrE6eJUy5HQ==",
      "dependencies": [
        "@types/pg"
      ]
    },
    "@types/pg@8.6.1": {
      "integrity": "sha512-1Kc4oAGzAl7uqUStZCDvaLFqZrW9qWSjXOmBfdgyBP5La7Us6Mg4GBvRlSoaZMhQF/zSj1C8CtKMBkoiT8eL8w==",
      "dependencies": [
        "@types/node",
        "pg-protocol",
        "pg-types"
      ]
    },
    "@types/shimmer@1.2.0": {
      "integrity": "sha512-UE7oxhQLLd9gub6JKIAhDq06T0F6FnztwMNRvYgjeQSBeMc1ZG/tA47EwfduvkuQS8apbkM/lpLpWsaCeYsXVg=="
    },
    "acorn-import-attributes@1.9.5_acorn@8.13.0": {
      "integrity": "sha512-n02Vykv5uA3eHGM/Z2dQrcD56kL8TyDb2p1+0P83PClMnC/nc+anbQRhIOWnSq4Ke/KvDPrY3C9hDtC/A3eHnQ==",
      "dependencies": [
        "acorn"
      ]
    },
    "acorn@8.13.0": {
      "integrity": "sha512-8zSiw54Oxrdym50NlZ9sUusyO1Z1ZchgRLWRaK6c86XJFClyCgFKetdowBg5bKxyp/u+CDBJG4Mpp0m3HLZl9w=="
    },
    "cjs-module-lexer@1.4.1": {
      "integrity": "sha512-cuSVIHi9/9E/+821Qjdvngor+xpnlwnuwIyZOaLmHBVdXL+gP+I6QQB9VkO7RI77YIcTV+S1W9AreJ5eN63JBA=="
    },
    "debug@4.3.7": {
      "integrity": "sha512-Er2nc/H7RrMXZBFCEim6TCmMk02Z8vLC2Rbi1KEBggpo0fS6l0S1nnapwmIi3yW/+GOJap1Krg4w0Hg80oCqgQ==",
      "dependencies": [
        "ms"
      ]
    },
    "detect-libc@2.0.3": {
      "integrity": "sha512-bwy0MGW55bG41VqxxypOsdSdGqLwXPI/focwgTYCFMbdUiBAxLg9CFzG08sz2aqzknwiX7Hkl0bQENjg8iLByw=="
    },
    "function-bind@1.1.2": {
      "integrity": "sha512-7XHNxH7qX9xG5mIwxkhumTox/MIRNcOgDrxWsMt2pAr23WHp6MrRlN7FBSFpCpr+oVO0F744iUgR82nJMfG2SA=="
    },
    "hasown@2.0.2": {
      "integrity": "sha512-0hJU9SCPvmMzIBdZFqNPXWa6dqh7WdH0cII9y+CyS8rG3nL48Bclra9HmKhVVUHyPWNH5Y7xDwAB7bfgSjkUMQ==",
      "dependencies": [
        "function-bind"
      ]
    },
    "import-in-the-middle@1.11.2_acorn@8.13.0": {
      "integrity": "sha512-gK6Rr6EykBcc6cVWRSBR5TWf8nn6hZMYSRYqCcHa0l0d1fPK7JSYo6+Mlmck76jIX9aL/IZ71c06U2VpFwl1zA==",
      "dependencies": [
        "acorn",
        "acorn-import-attributes",
        "cjs-module-lexer",
        "module-details-from-path"
      ]
    },
    "is-core-module@2.15.1": {
      "integrity": "sha512-z0vtXSwucUJtANQWldhbtbt7BnL0vxiFjIdDLAatwhDYty2bad6s+rijD6Ri4YuYJubLzIJLUidCh09e1djEVQ==",
      "dependencies": [
        "hasown"
      ]
    },
    "module-details-from-path@1.0.3": {
      "integrity": "sha512-ySViT69/76t8VhE1xXHK6Ch4NcDd26gx0MzKXLO+F7NOtnqH68d9zF94nT8ZWSxXh8ELOERsnJO/sWt1xZYw5A=="
    },
    "ms@2.1.3": {
      "integrity": "sha512-6FlzubTLZG3J2a/NVCAleEhjzq5oxgHyaCU9yYXvcLsvoVaHJq/s5xXI6/XXP6tz7R9xAOtHnSO/tXtF3WRTlA=="
    },
    "node-abi@3.71.0": {
      "integrity": "sha512-SZ40vRiy/+wRTf21hxkkEjPJZpARzUMVcJoQse2EF8qkUWbbO2z7vd5oA/H6bVH6SZQ5STGcu0KRDS7biNRfxw==",
      "dependencies": [
        "semver"
      ]
    },
    "path-parse@1.0.7": {
      "integrity": "sha512-LDJzPVEEEPR+y48z93A0Ed0yXb8pAByGWo/k5YYdYgpY2/2EsOsksJrq7lOHxryrVOn1ejG6oAp8ahvOIQD8sw=="
    },
    "pg-int8@1.0.1": {
      "integrity": "sha512-WCtabS6t3c8SkpDBUlb1kjOs7l66xsGdKpIPZsg4wR+B3+u9UAum2odSsF9tnvxg80h4ZxLWMy4pRjOsFIqQpw=="
    },
    "pg-protocol@1.7.0": {
      "integrity": "sha512-hTK/mE36i8fDDhgDFjy6xNOG+LCorxLG3WO17tku+ij6sVHXh1jQUJ8hYAnRhNla4QVD2H8er/FOjc/+EgC6yQ=="
    },
    "pg-types@2.2.0": {
      "integrity": "sha512-qTAAlrEsl8s4OiEQY69wDvcMIdQN6wdz5ojQiOy6YRMuynxenON0O5oCpJI6lshc6scgAY8qvJ2On/p+CXY0GA==",
      "dependencies": [
        "pg-int8",
        "postgres-array",
        "postgres-bytea",
        "postgres-date",
        "postgres-interval"
      ]
    },
    "postgres-array@2.0.0": {
      "integrity": "sha512-VpZrUqU5A69eQyW2c5CA1jtLecCsN2U/bD6VilrFDWq5+5UIEVO7nazS3TEcHf1zuPYO/sqGvUvW62g86RXZuA=="
    },
    "postgres-bytea@1.0.0": {
      "integrity": "sha512-xy3pmLuQqRBZBXDULy7KbaitYqLcmxigw14Q5sj8QBVLqEwXfeybIKVWiqAXTlcvdvb0+xkOtDbfQMOf4lST1w=="
    },
    "postgres-date@1.0.7": {
      "integrity": "sha512-suDmjLVQg78nMK2UZ454hAG+OAW+HQPZ6n++TNDUX+L0+uUlLywnoxJKDou51Zm+zTCjrCl0Nq6J9C5hP9vK/Q=="
    },
    "postgres-interval@1.2.0": {
      "integrity": "sha512-9ZhXKM/rw350N1ovuWHbGxnGh/SNJ4cnxHiM0rxE4VN41wsg8P8zWn9hv/buK00RP4WvlOyr/RBDiptyxVbkZQ==",
      "dependencies": [
        "xtend"
      ]
    },
    "require-in-the-middle@7.4.0": {
      "integrity": "sha512-X34iHADNbNDfr6OTStIAHWSAvvKQRYgLO6duASaVf7J2VA3lvmNYboAHOuLC2huav1IwgZJtyEcJCKVzFxOSMQ==",
      "dependencies": [
        "debug",
        "module-details-from-path",
        "resolve"
      ]
    },
    "resolve@1.22.8": {
      "integrity": "sha512-oKWePCxqpd6FlLvGV1VU0x7bkPmmCNolxzjMf4NczoDnQcIWrAF+cPtZn5i6n+RfD2d9i0tzpKnG6Yk168yIyw==",
      "dependencies": [
        "is-core-module",
        "path-parse",
        "supports-preserve-symlinks-flag"
      ]
    },
    "semver@7.6.3": {
      "integrity": "sha512-oVekP1cKtI+CTDvHWYFUcMtsK/00wmAEfyqKfNdARm8u1wNVhSgaX7A8d4UuIlUI5e84iEwOhs7ZPYRmzU9U6A=="
    },
    "shimmer@1.2.1": {
      "integrity": "sha512-sQTKC1Re/rM6XyFM6fIAGHRPVGvyXfgzIDvzoq608vM+jeyVD0Tu1E6Np0Kc2zAIFWIj963V2800iF/9LPieQw=="
    },
    "supports-preserve-symlinks-flag@1.0.0": {
      "integrity": "sha512-ot0WnXS9fgdkgIcePe6RHNk1WA8+muPa6cSjeR3V8K27q9BB1rTE3R1p7Hv0z1ZyAc8s6Vvv8DIyWf681MAt0w=="
    },
    "undici-types@6.19.8": {
      "integrity": "sha512-ve2KP6f/JnbPBFyobGHuerC9g1FYGn/F8n1LWTwNxCEzd6IfqTwUQcNXgEtmmQ6DlRrC1hrSrBnCZPokRrDHjw=="
    },
    "xtend@4.0.2": {
      "integrity": "sha512-LKYU1iAXJXUgAXn9URjiu+MWhyUXHsvfp7mcuYm9dSUKK0/CjtrUwFAxD82/mCWbtLsGjFIad0wIsod4zrTAEQ=="
    }
  }
}
